
Microsoft Visual Studio Solution File, Format Version 12.00
# Visual Studio Version 17
VisualStudioVersion = 17.13.35806.99 d17.13
MinimumVisualStudioVersion = 10.0.40219.1
Project("{FAE04EC0-301F-11D3-BF4B-00C04F79EFBC}") = "HotelApi", "HotelApi.csproj", "{DF088E01-3954-4638-BA11-E354954027BE}"
EndProject
Global
	GlobalSection(SolutionConfigurationPlatforms) = preSolution
		Debug|Any CPU = Debug|Any CPU
		Release|Any CPU = Release|Any CPU
	EndGlobalSection
	GlobalSection(ProjectConfigurationPlatforms) = postSolution
		{DF088E01-3954-4638-BA11-E354954027BE}.Debug|Any CPU.ActiveCfg = Debug|Any CPU
		{DF088E01-3954-4638-BA11-E354954027BE}.Debug|Any CPU.Build.0 = Debug|Any CPU
		{DF088E01-3954-4638-BA11-E354954027BE}.Release|Any CPU.ActiveCfg = Release|Any CPU
		{DF088E01-3954-4638-BA11-E354954027BE}.Release|Any CPU.Build.0 = Release|Any CPU
	EndGlobalSection
	GlobalSection(SolutionProperties) = preSolution
		HideSolutionNode = FALSE
	EndGlobalSection
	GlobalSection(ExtensibilityGlobals) = postSolution
		SolutionGuid = {6D22E02E-9766-4180-AB4A-53769BAE809B}
	EndGlobalSection
EndGlobal
